
Microsoft Visual Studio Solution File, Format Version 12.00
# Visual Studio Version 16
VisualStudioVersion = 16.0.29509.3
MinimumVisualStudioVersion = 10.0.40219.1
Project("{F184B08F-C81C-45F6-A57F-5ABD9991F28F}") = "Scientific Calc - Ocliaso", "Scientific Calc - Ocliaso\Scientific Calc - Ocliaso.vbproj", "{5A898AB3-F55C-43F9-A8D7-09415BF27F0A}"
EndProject
Global
	GlobalSection(SolutionConfigurationPlatforms) = preSolution
		Debug|Any CPU = Debug|Any CPU
		Release|Any CPU = Release|Any CPU
	EndGlobalSection
	GlobalSection(ProjectConfigurationPlatforms) = postSolution
		{5A898AB3-F55C-43F9-A8D7-09415BF27F0A}.Debug|Any CPU.ActiveCfg = Debug|Any CPU
		{5A898AB3-F55C-43F9-A8D7-09415BF27F0A}.Debug|Any CPU.Build.0 = Debug|Any CPU
		{5A898AB3-F55C-43F9-A8D7-09415BF27F0A}.Release|Any CPU.ActiveCfg = Release|Any CPU
		{5A898AB3-F55C-43F9-A8D7-09415BF27F0A}.Release|Any CPU.Build.0 = Release|Any CPU
	EndGlobalSection
	GlobalSection(SolutionProperties) = preSolution
		HideSolutionNode = FALSE
	EndGlobalSection
	GlobalSection(ExtensibilityGlobals) = postSolution
		SolutionGuid = {365DD53B-BF6A-4DCE-B14E-A60FDA2905E0}
	EndGlobalSection
EndGlobal
